// !$*UTF8*$!
{
	archiveVersion = 1;
	classes = {
	};
	objectVersion = 50;
	objects = {

/* Begin PBXBuildFile section */
		272290B0263FBBD0006DC4C3 /* NTSolar.swift in Sources */ = {isa = PBXBuildFile; fileRef = 272290AF263FBBD0006DC4C3 /* NTSolar.swift */; };
		272C208E263411FB00C929B8 /* Nighttime.swift in Sources */ = {isa = PBXBuildFile; fileRef = 272C208D263411FB00C929B8 /* Nighttime.swift */; };
		272C20932634151800C929B8 /* NighttimeVM.swift in Sources */ = {isa = PBXBuildFile; fileRef = 272C20922634151800C929B8 /* NighttimeVM.swift */; };
		273448862643524000FFBB8C /* WidgetSizes.swift in Sources */ = {isa = PBXBuildFile; fileRef = 273448852643524000FFBB8C /* WidgetSizes.swift */; };
		2734488F2643527100FFBB8C /* WidgetSizes.swift in Sources */ = {isa = PBXBuildFile; fileRef = 273448852643524000FFBB8C /* WidgetSizes.swift */; };
		273448992643575000FFBB8C /* Assets.xcassets in Resources */ = {isa = PBXBuildFile; fileRef = 273448982643575000FFBB8C /* Assets.xcassets */; };
		27540001263347F200885193 /* Daylight.swift in Sources */ = {isa = PBXBuildFile; fileRef = 27540000263347F200885193 /* Daylight.swift */; };
		27540010263357A600885193 /* HomeVM.swift in Sources */ = {isa = PBXBuildFile; fileRef = 2754000F263357A600885193 /* HomeVM.swift */; };
		2754003426339E3700885193 /* LocationManager.swift in Sources */ = {isa = PBXBuildFile; fileRef = 2754003326339E3700885193 /* LocationManager.swift */; };
		2754FF922633337900885193 /* DaylightApp.swift in Sources */ = {isa = PBXBuildFile; fileRef = 2754FF912633337900885193 /* DaylightApp.swift */; };
		2754FF962633337A00885193 /* Assets.xcassets in Resources */ = {isa = PBXBuildFile; fileRef = 2754FF952633337A00885193 /* Assets.xcassets */; };
		2754FF992633337A00885193 /* Preview Assets.xcassets in Resources */ = {isa = PBXBuildFile; fileRef = 2754FF982633337A00885193 /* Preview Assets.xcassets */; };
		2754FFC22633344D00885193 /* Home.swift in Sources */ = {isa = PBXBuildFile; fileRef = 2754FFC12633344D00885193 /* Home.swift */; };
		2754FFCF26333C5800885193 /* TimeData.swift in Sources */ = {isa = PBXBuildFile; fileRef = 2754FFCE26333C5800885193 /* TimeData.swift */; };
		2754FFDD26333DD900885193 /* LocationData.swift in Sources */ = {isa = PBXBuildFile; fileRef = 2754FFDC26333DD900885193 /* LocationData.swift */; };
		2754FFF32633441100885193 /* DaylightVM.swift in Sources */ = {isa = PBXBuildFile; fileRef = 2754FFF22633441100885193 /* DaylightVM.swift */; };
		277C79C6263E8F4500334D7F /* Shapes.swift in Sources */ = {isa = PBXBuildFile; fileRef = 277C79C5263E8F4500334D7F /* Shapes.swift */; };
		2792E5F3264DD8F300C40CAD /* Onboarding.swift in Sources */ = {isa = PBXBuildFile; fileRef = 2792E5F2264DD8F300C40CAD /* Onboarding.swift */; };
		2792E610264DE4A900C40CAD /* Onboarding.swift in Sources */ = {isa = PBXBuildFile; fileRef = 2792E5F2264DD8F300C40CAD /* Onboarding.swift */; };
		2799D0692643D7BD004B97C1 /* WidgetSmall.swift in Sources */ = {isa = PBXBuildFile; fileRef = 2799D0682643D7BD004B97C1 /* WidgetSmall.swift */; };
		2799D06F2643D7C5004B97C1 /* WidgetMedium.swift in Sources */ = {isa = PBXBuildFile; fileRef = 2799D06E2643D7C5004B97C1 /* WidgetMedium.swift */; };
		2799D0752643D7CD004B97C1 /* WidgetLarge.swift in Sources */ = {isa = PBXBuildFile; fileRef = 2799D0742643D7CD004B97C1 /* WidgetLarge.swift */; };
		2799D0C826445CC5004B97C1 /* DaylightTests.swift in Sources */ = {isa = PBXBuildFile; fileRef = 2799D0C726445CC5004B97C1 /* DaylightTests.swift */; };
		27C81B762669DCF600FD9103 /* OnboardingVM.swift in Sources */ = {isa = PBXBuildFile; fileRef = 27C81B752669DCF600FD9103 /* OnboardingVM.swift */; };
		27C81B802669DE9400FD9103 /* OnboardingVM.swift in Sources */ = {isa = PBXBuildFile; fileRef = 27C81B752669DCF600FD9103 /* OnboardingVM.swift */; };
		27CF4E8E26405C5A00BA71BE /* WidgetKit.framework in Frameworks */ = {isa = PBXBuildFile; fileRef = 27CF4E8D26405C5A00BA71BE /* WidgetKit.framework */; };
		27CF4E9026405C5A00BA71BE /* SwiftUI.framework in Frameworks */ = {isa = PBXBuildFile; fileRef = 27CF4E8F26405C5A00BA71BE /* SwiftUI.framework */; };
		27CF4E9326405C5A00BA71BE /* DaylightWidget.swift in Sources */ = {isa = PBXBuildFile; fileRef = 27CF4E9226405C5A00BA71BE /* DaylightWidget.swift */; };
		27CF4E9926405C5B00BA71BE /* DaylightWidgetExtension.appex in Embed App Extensions */ = {isa = PBXBuildFile; fileRef = 27CF4E8B26405C5A00BA71BE /* DaylightWidgetExtension.appex */; settings = {ATTRIBUTES = (RemoveHeadersOnCopy, ); }; };
		27CF4ECB2640661600BA71BE /* DaylightEntry.swift in Sources */ = {isa = PBXBuildFile; fileRef = 27CF4EAF2640623B00BA71BE /* DaylightEntry.swift */; };
		27CF4ED42640661A00BA71BE /* DaylightProvider.swift in Sources */ = {isa = PBXBuildFile; fileRef = 27CF4EA52640620700BA71BE /* DaylightProvider.swift */; };
		27CF4EDD2640661E00BA71BE /* DaylightWidgetView.swift in Sources */ = {isa = PBXBuildFile; fileRef = 27CF4EB52640626E00BA71BE /* DaylightWidgetView.swift */; };
		27CF4EE62640679800BA71BE /* DaylightEntry.swift in Sources */ = {isa = PBXBuildFile; fileRef = 27CF4EAF2640623B00BA71BE /* DaylightEntry.swift */; };
		27CF4EEB264067AB00BA71BE /* TimeData.swift in Sources */ = {isa = PBXBuildFile; fileRef = 2754FFCE26333C5800885193 /* TimeData.swift */; };
		27CF4EF02640699300BA71BE /* Daylight.swift in Sources */ = {isa = PBXBuildFile; fileRef = 27540000263347F200885193 /* Daylight.swift */; };
		27CF4EF5264069B000BA71BE /* DaylightVM.swift in Sources */ = {isa = PBXBuildFile; fileRef = 2754FFF22633441100885193 /* DaylightVM.swift */; };
		27CF4EFA264069C200BA71BE /* LocationManager.swift in Sources */ = {isa = PBXBuildFile; fileRef = 2754003326339E3700885193 /* LocationManager.swift */; };
		27CF4EFF264069C900BA71BE /* HomeVM.swift in Sources */ = {isa = PBXBuildFile; fileRef = 2754000F263357A600885193 /* HomeVM.swift */; };
		27CF4F04264069CC00BA71BE /* Home.swift in Sources */ = {isa = PBXBuildFile; fileRef = 2754FFC12633344D00885193 /* Home.swift */; };
		27CF4F09264069D000BA71BE /* Nighttime.swift in Sources */ = {isa = PBXBuildFile; fileRef = 272C208D263411FB00C929B8 /* Nighttime.swift */; };
		27CF4F0E264069D300BA71BE /* Shapes.swift in Sources */ = {isa = PBXBuildFile; fileRef = 277C79C5263E8F4500334D7F /* Shapes.swift */; };
		27CF4F13264069D700BA71BE /* NighttimeVM.swift in Sources */ = {isa = PBXBuildFile; fileRef = 272C20922634151800C929B8 /* NighttimeVM.swift */; };
		27CF4F18264069DC00BA71BE /* NTSolar.swift in Sources */ = {isa = PBXBuildFile; fileRef = 272290AF263FBBD0006DC4C3 /* NTSolar.swift */; };
		27CF4F1D264069F200BA71BE /* LocationData.swift in Sources */ = {isa = PBXBuildFile; fileRef = 2754FFDC26333DD900885193 /* LocationData.swift */; };
		27CF4F2E26407B1D00BA71BE /* Globals.swift in Sources */ = {isa = PBXBuildFile; fileRef = 27CF4F2D26407B1D00BA71BE /* Globals.swift */; };
		27CF4F3426407B2900BA71BE /* Extensions.swift in Sources */ = {isa = PBXBuildFile; fileRef = 27CF4F3326407B2900BA71BE /* Extensions.swift */; };
		27CF4F3926407B3300BA71BE /* Globals.swift in Sources */ = {isa = PBXBuildFile; fileRef = 27CF4F2D26407B1D00BA71BE /* Globals.swift */; };
		27CF4F3E26407B3500BA71BE /* Extensions.swift in Sources */ = {isa = PBXBuildFile; fileRef = 27CF4F3326407B2900BA71BE /* Extensions.swift */; };
/* End PBXBuildFile section */

/* Begin PBXContainerItemProxy section */
		2799D0CA26445CC5004B97C1 /* PBXContainerItemProxy */ = {
			isa = PBXContainerItemProxy;
			containerPortal = 2754FF862633337900885193 /* Project object */;
			proxyType = 1;
			remoteGlobalIDString = 2754FF8D2633337900885193;
			remoteInfo = Daylight;
		};
		27CF4E9726405C5B00BA71BE /* PBXContainerItemProxy */ = {
			isa = PBXContainerItemProxy;
			containerPortal = 2754FF862633337900885193 /* Project object */;
			proxyType = 1;
			remoteGlobalIDString = 27CF4E8A26405C5A00BA71BE;
			remoteInfo = DaylightWidgetExtension;
		};
/* End PBXContainerItemProxy section */

/* Begin PBXCopyFilesBuildPhase section */
		27CF4E9A26405C5B00BA71BE /* Embed App Extensions */ = {
			isa = PBXCopyFilesBuildPhase;
			buildActionMask = 2147483647;
			dstPath = "";
			dstSubfolderSpec = 13;
			files = (
				27CF4E9926405C5B00BA71BE /* DaylightWidgetExtension.appex in Embed App Extensions */,
			);
			name = "Embed App Extensions";
			runOnlyForDeploymentPostprocessing = 0;
		};
/* End PBXCopyFilesBuildPhase section */

/* Begin PBXFileReference section */
		272290AF263FBBD0006DC4C3 /* NTSolar.swift */ = {isa = PBXFileReference; lastKnownFileType = sourcecode.swift; path = NTSolar.swift; sourceTree = "<group>"; };
		272C208D263411FB00C929B8 /* Nighttime.swift */ = {isa = PBXFileReference; lastKnownFileType = sourcecode.swift; path = Nighttime.swift; sourceTree = "<group>"; };
		272C20922634151800C929B8 /* NighttimeVM.swift */ = {isa = PBXFileReference; lastKnownFileType = sourcecode.swift; path = NighttimeVM.swift; sourceTree = "<group>"; };
		273448852643524000FFBB8C /* WidgetSizes.swift */ = {isa = PBXFileReference; lastKnownFileType = sourcecode.swift; path = WidgetSizes.swift; sourceTree = "<group>"; };
		273448982643575000FFBB8C /* Assets.xcassets */ = {isa = PBXFileReference; lastKnownFileType = folder.assetcatalog; path = Assets.xcassets; sourceTree = "<group>"; };
		27540000263347F200885193 /* Daylight.swift */ = {isa = PBXFileReference; lastKnownFileType = sourcecode.swift; path = Daylight.swift; sourceTree = "<group>"; };
		2754000F263357A600885193 /* HomeVM.swift */ = {isa = PBXFileReference; lastKnownFileType = sourcecode.swift; path = HomeVM.swift; sourceTree = "<group>"; };
		2754003326339E3700885193 /* LocationManager.swift */ = {isa = PBXFileReference; lastKnownFileType = sourcecode.swift; path = LocationManager.swift; sourceTree = "<group>"; };
		2754FF8E2633337900885193 /* Daylight.app */ = {isa = PBXFileReference; explicitFileType = wrapper.application; includeInIndex = 0; path = Daylight.app; sourceTree = BUILT_PRODUCTS_DIR; };
		2754FF912633337900885193 /* DaylightApp.swift */ = {isa = PBXFileReference; lastKnownFileType = sourcecode.swift; path = DaylightApp.swift; sourceTree = "<group>"; };
		2754FF952633337A00885193 /* Assets.xcassets */ = {isa = PBXFileReference; lastKnownFileType = folder.assetcatalog; path = Assets.xcassets; sourceTree = "<group>"; };
		2754FF982633337A00885193 /* Preview Assets.xcassets */ = {isa = PBXFileReference; lastKnownFileType = folder.assetcatalog; path = "Preview Assets.xcassets"; sourceTree = "<group>"; };
		2754FF9A2633337A00885193 /* Info.plist */ = {isa = PBXFileReference; lastKnownFileType = text.plist.xml; path = Info.plist; sourceTree = "<group>"; };
		2754FFC12633344D00885193 /* Home.swift */ = {isa = PBXFileReference; lastKnownFileType = sourcecode.swift; path = Home.swift; sourceTree = "<group>"; };
		2754FFCE26333C5800885193 /* TimeData.swift */ = {isa = PBXFileReference; lastKnownFileType = sourcecode.swift; path = TimeData.swift; sourceTree = "<group>"; };
		2754FFDC26333DD900885193 /* LocationData.swift */ = {isa = PBXFileReference; lastKnownFileType = sourcecode.swift; path = LocationData.swift; sourceTree = "<group>"; };
		2754FFF22633441100885193 /* DaylightVM.swift */ = {isa = PBXFileReference; lastKnownFileType = sourcecode.swift; path = DaylightVM.swift; sourceTree = "<group>"; };
		277C79C5263E8F4500334D7F /* Shapes.swift */ = {isa = PBXFileReference; lastKnownFileType = sourcecode.swift; path = Shapes.swift; sourceTree = "<group>"; };
		2792E5F2264DD8F300C40CAD /* Onboarding.swift */ = {isa = PBXFileReference; lastKnownFileType = sourcecode.swift; path = Onboarding.swift; sourceTree = "<group>"; };
		2799D0682643D7BD004B97C1 /* WidgetSmall.swift */ = {isa = PBXFileReference; lastKnownFileType = sourcecode.swift; path = WidgetSmall.swift; sourceTree = "<group>"; };
		2799D06E2643D7C5004B97C1 /* WidgetMedium.swift */ = {isa = PBXFileReference; lastKnownFileType = sourcecode.swift; path = WidgetMedium.swift; sourceTree = "<group>"; };
		2799D0742643D7CD004B97C1 /* WidgetLarge.swift */ = {isa = PBXFileReference; lastKnownFileType = sourcecode.swift; path = WidgetLarge.swift; sourceTree = "<group>"; };
		2799D0C526445CC5004B97C1 /* DaylightTests.xctest */ = {isa = PBXFileReference; explicitFileType = wrapper.cfbundle; includeInIndex = 0; path = DaylightTests.xctest; sourceTree = BUILT_PRODUCTS_DIR; };
		2799D0C726445CC5004B97C1 /* DaylightTests.swift */ = {isa = PBXFileReference; lastKnownFileType = sourcecode.swift; path = DaylightTests.swift; sourceTree = "<group>"; };
		2799D0C926445CC5004B97C1 /* Info.plist */ = {isa = PBXFileReference; lastKnownFileType = text.plist.xml; path = Info.plist; sourceTree = "<group>"; };
		27C81B752669DCF600FD9103 /* OnboardingVM.swift */ = {isa = PBXFileReference; lastKnownFileType = sourcecode.swift; name = OnboardingVM.swift; path = Daylight/Views/OnboardingVM.swift; sourceTree = SOURCE_ROOT; };
		27CF4E8B26405C5A00BA71BE /* DaylightWidgetExtension.appex */ = {isa = PBXFileReference; explicitFileType = "wrapper.app-extension"; includeInIndex = 0; path = DaylightWidgetExtension.appex; sourceTree = BUILT_PRODUCTS_DIR; };
		27CF4E8D26405C5A00BA71BE /* WidgetKit.framework */ = {isa = PBXFileReference; lastKnownFileType = wrapper.framework; name = WidgetKit.framework; path = System/Library/Frameworks/WidgetKit.framework; sourceTree = SDKROOT; };
		27CF4E8F26405C5A00BA71BE /* SwiftUI.framework */ = {isa = PBXFileReference; lastKnownFileType = wrapper.framework; name = SwiftUI.framework; path = System/Library/Frameworks/SwiftUI.framework; sourceTree = SDKROOT; };
		27CF4E9226405C5A00BA71BE /* DaylightWidget.swift */ = {isa = PBXFileReference; lastKnownFileType = sourcecode.swift; path = DaylightWidget.swift; sourceTree = "<group>"; };
		27CF4E9626405C5B00BA71BE /* Info.plist */ = {isa = PBXFileReference; lastKnownFileType = text.plist.xml; path = Info.plist; sourceTree = "<group>"; };
		27CF4EA52640620700BA71BE /* DaylightProvider.swift */ = {isa = PBXFileReference; lastKnownFileType = sourcecode.swift; path = DaylightProvider.swift; sourceTree = "<group>"; };
		27CF4EAF2640623B00BA71BE /* DaylightEntry.swift */ = {isa = PBXFileReference; lastKnownFileType = sourcecode.swift; path = DaylightEntry.swift; sourceTree = "<group>"; };
		27CF4EB52640626E00BA71BE /* DaylightWidgetView.swift */ = {isa = PBXFileReference; lastKnownFileType = sourcecode.swift; path = DaylightWidgetView.swift; sourceTree = "<group>"; };
		27CF4F2D26407B1D00BA71BE /* Globals.swift */ = {isa = PBXFileReference; lastKnownFileType = sourcecode.swift; path = Globals.swift; sourceTree = "<group>"; };
		27CF4F3326407B2900BA71BE /* Extensions.swift */ = {isa = PBXFileReference; lastKnownFileType = sourcecode.swift; path = Extensions.swift; sourceTree = "<group>"; };
/* End PBXFileReference section */

/* Begin PBXFrameworksBuildPhase section */
		2754FF8B2633337900885193 /* Frameworks */ = {
			isa = PBXFrameworksBuildPhase;
			buildActionMask = 2147483647;
			files = (
			);
			runOnlyForDeploymentPostprocessing = 0;
		};
		2799D0C226445CC5004B97C1 /* Frameworks */ = {
			isa = PBXFrameworksBuildPhase;
			buildActionMask = 2147483647;
			files = (
			);
			runOnlyForDeploymentPostprocessing = 0;
		};
		27CF4E8826405C5A00BA71BE /* Frameworks */ = {
			isa = PBXFrameworksBuildPhase;
			buildActionMask = 2147483647;
			files = (
				27CF4E9026405C5A00BA71BE /* SwiftUI.framework in Frameworks */,
				27CF4E8E26405C5A00BA71BE /* WidgetKit.framework in Frameworks */,
			);
			runOnlyForDeploymentPostprocessing = 0;
		};
/* End PBXFrameworksBuildPhase section */

/* Begin PBXGroup section */
		2749B54C2669A77400A9D3B4 /* Onboarding */ = {
			isa = PBXGroup;
			children = (
				2792E5F2264DD8F300C40CAD /* Onboarding.swift */,
				27C81B752669DCF600FD9103 /* OnboardingVM.swift */,
			);
			path = Onboarding;
			sourceTree = "<group>";
		};
		2754003226339DF200885193 /* Services */ = {
			isa = PBXGroup;
			children = (
				2754003326339E3700885193 /* LocationManager.swift */,
				272290AF263FBBD0006DC4C3 /* NTSolar.swift */,
			);
			path = Services;
			sourceTree = "<group>";
		};
		2754FF852633337900885193 = {
			isa = PBXGroup;
			children = (
				2754FF902633337900885193 /* Daylight */,
				27CF4E9126405C5A00BA71BE /* DaylightWidget */,
				2799D0C626445CC5004B97C1 /* DaylightTests */,
				27CF4E8C26405C5A00BA71BE /* Frameworks */,
				2754FF8F2633337900885193 /* Products */,
			);
			sourceTree = "<group>";
		};
		2754FF8F2633337900885193 /* Products */ = {
			isa = PBXGroup;
			children = (
				2754FF8E2633337900885193 /* Daylight.app */,
				27CF4E8B26405C5A00BA71BE /* DaylightWidgetExtension.appex */,
				2799D0C526445CC5004B97C1 /* DaylightTests.xctest */,
			);
			name = Products;
			sourceTree = "<group>";
		};
		2754FF902633337900885193 /* Daylight */ = {
			isa = PBXGroup;
			children = (
				27CF4F2C26407B0600BA71BE /* Globals */,
				2754FFCA26333B4300885193 /* Models */,
				2754FFBF2633342E00885193 /* Views */,
				2754FFC02633343500885193 /* ViewModels */,
				2754003226339DF200885193 /* Services */,
				2754FF912633337900885193 /* DaylightApp.swift */,
				2754FF952633337A00885193 /* Assets.xcassets */,
				2754FF9A2633337A00885193 /* Info.plist */,
				2754FF972633337A00885193 /* Preview Content */,
			);
			path = Daylight;
			sourceTree = "<group>";
		};
		2754FF972633337A00885193 /* Preview Content */ = {
			isa = PBXGroup;
			children = (
				2754FF982633337A00885193 /* Preview Assets.xcassets */,
			);
			path = "Preview Content";
			sourceTree = "<group>";
		};
		2754FFBF2633342E00885193 /* Views */ = {
			isa = PBXGroup;
			children = (
				2754FFC12633344D00885193 /* Home.swift */,
				27540000263347F200885193 /* Daylight.swift */,
				272C208D263411FB00C929B8 /* Nighttime.swift */,
				2749B54C2669A77400A9D3B4 /* Onboarding */,
				277C79C5263E8F4500334D7F /* Shapes.swift */,
			);
			path = Views;
			sourceTree = "<group>";
		};
		2754FFC02633343500885193 /* ViewModels */ = {
			isa = PBXGroup;
			children = (
				2754000F263357A600885193 /* HomeVM.swift */,
				2754FFF22633441100885193 /* DaylightVM.swift */,
				272C20922634151800C929B8 /* NighttimeVM.swift */,
			);
			path = ViewModels;
			sourceTree = "<group>";
		};
		2754FFCA26333B4300885193 /* Models */ = {
			isa = PBXGroup;
			children = (
				2754FFDC26333DD900885193 /* LocationData.swift */,
				2754FFCE26333C5800885193 /* TimeData.swift */,
			);
			path = Models;
			sourceTree = "<group>";
		};
		2799D07A2643D90A004B97C1 /* WidgetSizes */ = {
			isa = PBXGroup;
			children = (
				273448852643524000FFBB8C /* WidgetSizes.swift */,
			);
			path = WidgetSizes;
			sourceTree = "<group>";
		};
		2799D0C626445CC5004B97C1 /* DaylightTests */ = {
			isa = PBXGroup;
			children = (
				2799D0C726445CC5004B97C1 /* DaylightTests.swift */,
				2799D0C926445CC5004B97C1 /* Info.plist */,
			);
			path = DaylightTests;
			sourceTree = "<group>";
		};
		27CF4E8C26405C5A00BA71BE /* Frameworks */ = {
			isa = PBXGroup;
			children = (
				27CF4E8D26405C5A00BA71BE /* WidgetKit.framework */,
				27CF4E8F26405C5A00BA71BE /* SwiftUI.framework */,
			);
			name = Frameworks;
			sourceTree = "<group>";
		};
		27CF4E9126405C5A00BA71BE /* DaylightWidget */ = {
			isa = PBXGroup;
			children = (
				27CF4EA2264061CD00BA71BE /* Entries */,
				27CF4EA3264061D400BA71BE /* Providers */,
				27CF4EA4264061DC00BA71BE /* WidgetView */,
				2799D07A2643D90A004B97C1 /* WidgetSizes */,
				27CF4E9226405C5A00BA71BE /* DaylightWidget.swift */,
				273448982643575000FFBB8C /* Assets.xcassets */,
				27CF4E9626405C5B00BA71BE /* Info.plist */,
			);
			path = DaylightWidget;
			sourceTree = "<group>";
		};
		27CF4EA2264061CD00BA71BE /* Entries */ = {
			isa = PBXGroup;
			children = (
				27CF4EAF2640623B00BA71BE /* DaylightEntry.swift */,
			);
			path = Entries;
			sourceTree = "<group>";
		};
		27CF4EA3264061D400BA71BE /* Providers */ = {
			isa = PBXGroup;
			children = (
				27CF4EA52640620700BA71BE /* DaylightProvider.swift */,
			);
			path = Providers;
			sourceTree = "<group>";
		};
		27CF4EA4264061DC00BA71BE /* WidgetView */ = {
			isa = PBXGroup;
			children = (
				27CF4EB52640626E00BA71BE /* DaylightWidgetView.swift */,
				2799D0682643D7BD004B97C1 /* WidgetSmall.swift */,
				2799D06E2643D7C5004B97C1 /* WidgetMedium.swift */,
				2799D0742643D7CD004B97C1 /* WidgetLarge.swift */,
			);
			path = WidgetView;
			sourceTree = "<group>";
		};
		27CF4F2C26407B0600BA71BE /* Globals */ = {
			isa = PBXGroup;
			children = (
				27CF4F2D26407B1D00BA71BE /* Globals.swift */,
				27CF4F3326407B2900BA71BE /* Extensions.swift */,
			);
			path = Globals;
			sourceTree = "<group>";
		};
/* End PBXGroup section */

/* Begin PBXNativeTarget section */
		2754FF8D2633337900885193 /* Daylight */ = {
			isa = PBXNativeTarget;
			buildConfigurationList = 2754FFB32633337A00885193 /* Build configuration list for PBXNativeTarget "Daylight" */;
			buildPhases = (
				2754FF8A2633337900885193 /* Sources */,
				2754FF8B2633337900885193 /* Frameworks */,
				2754FF8C2633337900885193 /* Resources */,
				27CF4E9A26405C5B00BA71BE /* Embed App Extensions */,
			);
			buildRules = (
			);
			dependencies = (
				27CF4E9826405C5B00BA71BE /* PBXTargetDependency */,
			);
			name = Daylight;
			packageProductDependencies = (
			);
			productName = Daylight;
			productReference = 2754FF8E2633337900885193 /* Daylight.app */;
			productType = "com.apple.product-type.application";
		};
		2799D0C426445CC5004B97C1 /* DaylightTests */ = {
			isa = PBXNativeTarget;
			buildConfigurationList = 2799D0CC26445CC5004B97C1 /* Build configuration list for PBXNativeTarget "DaylightTests" */;
			buildPhases = (
				2799D0C126445CC5004B97C1 /* Sources */,
				2799D0C226445CC5004B97C1 /* Frameworks */,
				2799D0C326445CC5004B97C1 /* Resources */,
			);
			buildRules = (
			);
			dependencies = (
				2799D0CB26445CC5004B97C1 /* PBXTargetDependency */,
			);
			name = DaylightTests;
			productName = DaylightTests;
			productReference = 2799D0C526445CC5004B97C1 /* DaylightTests.xctest */;
			productType = "com.apple.product-type.bundle.unit-test";
		};
		27CF4E8A26405C5A00BA71BE /* DaylightWidgetExtension */ = {
			isa = PBXNativeTarget;
			buildConfigurationList = 27CF4E9D26405C5B00BA71BE /* Build configuration list for PBXNativeTarget "DaylightWidgetExtension" */;
			buildPhases = (
				27CF4E8726405C5A00BA71BE /* Sources */,
				27CF4E8826405C5A00BA71BE /* Frameworks */,
				27CF4E8926405C5A00BA71BE /* Resources */,
			);
			buildRules = (
			);
			dependencies = (
			);
			name = DaylightWidgetExtension;
			productName = DaylightWidgetExtension;
			productReference = 27CF4E8B26405C5A00BA71BE /* DaylightWidgetExtension.appex */;
			productType = "com.apple.product-type.app-extension";
		};
/* End PBXNativeTarget section */

/* Begin PBXProject section */
		2754FF862633337900885193 /* Project object */ = {
			isa = PBXProject;
			attributes = {
				LastSwiftUpdateCheck = 1230;
				LastUpgradeCheck = 1230;
				TargetAttributes = {
					2754FF8D2633337900885193 = {
						CreatedOnToolsVersion = 12.3;
					};
					2799D0C426445CC5004B97C1 = {
						CreatedOnToolsVersion = 12.3;
						TestTargetID = 2754FF8D2633337900885193;
					};
					27CF4E8A26405C5A00BA71BE = {
						CreatedOnToolsVersion = 12.3;
					};
				};
			};
			buildConfigurationList = 2754FF892633337900885193 /* Build configuration list for PBXProject "Daylight" */;
			compatibilityVersion = "Xcode 9.3";
			developmentRegion = en;
			hasScannedForEncodings = 0;
			knownRegions = (
				en,
				Base,
			);
			mainGroup = 2754FF852633337900885193;
			packageReferences = (
			);
			productRefGroup = 2754FF8F2633337900885193 /* Products */;
			projectDirPath = "";
			projectRoot = "";
			targets = (
				2754FF8D2633337900885193 /* Daylight */,
				27CF4E8A26405C5A00BA71BE /* DaylightWidgetExtension */,
				2799D0C426445CC5004B97C1 /* DaylightTests */,
			);
		};
/* End PBXProject section */

/* Begin PBXResourcesBuildPhase section */
		2754FF8C2633337900885193 /* Resources */ = {
			isa = PBXResourcesBuildPhase;
			buildActionMask = 2147483647;
			files = (
				2754FF992633337A00885193 /* Preview Assets.xcassets in Resources */,
				2754FF962633337A00885193 /* Assets.xcassets in Resources */,
			);
			runOnlyForDeploymentPostprocessing = 0;
		};
		2799D0C326445CC5004B97C1 /* Resources */ = {
			isa = PBXResourcesBuildPhase;
			buildActionMask = 2147483647;
			files = (
			);
			runOnlyForDeploymentPostprocessing = 0;
		};
		27CF4E8926405C5A00BA71BE /* Resources */ = {
			isa = PBXResourcesBuildPhase;
			buildActionMask = 2147483647;
			files = (
				273448992643575000FFBB8C /* Assets.xcassets in Resources */,
			);
			runOnlyForDeploymentPostprocessing = 0;
		};
/* End PBXResourcesBuildPhase section */

/* Begin PBXSourcesBuildPhase section */
		2754FF8A2633337900885193 /* Sources */ = {
			isa = PBXSourcesBuildPhase;
			buildActionMask = 2147483647;
			files = (
				272C20932634151800C929B8 /* NighttimeVM.swift in Sources */,
				2754FFF32633441100885193 /* DaylightVM.swift in Sources */,
				2754FFC22633344D00885193 /* Home.swift in Sources */,
				27CF4EE62640679800BA71BE /* DaylightEntry.swift in Sources */,
				272290B0263FBBD0006DC4C3 /* NTSolar.swift in Sources */,
				2792E5F3264DD8F300C40CAD /* Onboarding.swift in Sources */,
				272C208E263411FB00C929B8 /* Nighttime.swift in Sources */,
				27540010263357A600885193 /* HomeVM.swift in Sources */,
				2754FFCF26333C5800885193 /* TimeData.swift in Sources */,
				27C81B762669DCF600FD9103 /* OnboardingVM.swift in Sources */,
				2754003426339E3700885193 /* LocationManager.swift in Sources */,
				2754FFDD26333DD900885193 /* LocationData.swift in Sources */,
				273448862643524000FFBB8C /* WidgetSizes.swift in Sources */,
				27CF4F3426407B2900BA71BE /* Extensions.swift in Sources */,
				277C79C6263E8F4500334D7F /* Shapes.swift in Sources */,
				27540001263347F200885193 /* Daylight.swift in Sources */,
				27CF4F2E26407B1D00BA71BE /* Globals.swift in Sources */,
				2754FF922633337900885193 /* DaylightApp.swift in Sources */,
			);
			runOnlyForDeploymentPostprocessing = 0;
		};
		2799D0C126445CC5004B97C1 /* Sources */ = {
			isa = PBXSourcesBuildPhase;
			buildActionMask = 2147483647;
			files = (
				2799D0C826445CC5004B97C1 /* DaylightTests.swift in Sources */,
			);
			runOnlyForDeploymentPostprocessing = 0;
		};
		27CF4E8726405C5A00BA71BE /* Sources */ = {
			isa = PBXSourcesBuildPhase;
			buildActionMask = 2147483647;
			files = (
				27CF4EF5264069B000BA71BE /* DaylightVM.swift in Sources */,
				27CF4EDD2640661E00BA71BE /* DaylightWidgetView.swift in Sources */,
				27C81B802669DE9400FD9103 /* OnboardingVM.swift in Sources */,
				27CF4F04264069CC00BA71BE /* Home.swift in Sources */,
				27CF4ED42640661A00BA71BE /* DaylightProvider.swift in Sources */,
				27CF4EFF264069C900BA71BE /* HomeVM.swift in Sources */,
				27CF4F13264069D700BA71BE /* NighttimeVM.swift in Sources */,
				27CF4ECB2640661600BA71BE /* DaylightEntry.swift in Sources */,
				27CF4F18264069DC00BA71BE /* NTSolar.swift in Sources */,
				2734488F2643527100FFBB8C /* WidgetSizes.swift in Sources */,
				2799D0692643D7BD004B97C1 /* WidgetSmall.swift in Sources */,
				2799D0752643D7CD004B97C1 /* WidgetLarge.swift in Sources */,
				27CF4EFA264069C200BA71BE /* LocationManager.swift in Sources */,
				27CF4F1D264069F200BA71BE /* LocationData.swift in Sources */,
				27CF4EEB264067AB00BA71BE /* TimeData.swift in Sources */,
				27CF4E9326405C5A00BA71BE /* DaylightWidget.swift in Sources */,
				2799D06F2643D7C5004B97C1 /* WidgetMedium.swift in Sources */,
				2792E610264DE4A900C40CAD /* Onboarding.swift in Sources */,
				27CF4F3926407B3300BA71BE /* Globals.swift in Sources */,
				27CF4EF02640699300BA71BE /* Daylight.swift in Sources */,
				27CF4F3E26407B3500BA71BE /* Extensions.swift in Sources */,
				27CF4F09264069D000BA71BE /* Nighttime.swift in Sources */,
				27CF4F0E264069D300BA71BE /* Shapes.swift in Sources */,
			);
			runOnlyForDeploymentPostprocessing = 0;
		};
/* End PBXSourcesBuildPhase section */

/* Begin PBXTargetDependency section */
		2799D0CB26445CC5004B97C1 /* PBXTargetDependency */ = {
			isa = PBXTargetDependency;
			target = 2754FF8D2633337900885193 /* Daylight */;
			targetProxy = 2799D0CA26445CC5004B97C1 /* PBXContainerItemProxy */;
		};
		27CF4E9826405C5B00BA71BE /* PBXTargetDependency */ = {
			isa = PBXTargetDependency;
			target = 27CF4E8A26405C5A00BA71BE /* DaylightWidgetExtension */;
			targetProxy = 27CF4E9726405C5B00BA71BE /* PBXContainerItemProxy */;
		};
/* End PBXTargetDependency section */

/* Begin XCBuildConfiguration section */
		2754FFB12633337A00885193 /* Debug */ = {
			isa = XCBuildConfiguration;
			buildSettings = {
				ALWAYS_SEARCH_USER_PATHS = NO;
				CLANG_ANALYZER_NONNULL = YES;
				CLANG_ANALYZER_NUMBER_OBJECT_CONVERSION = YES_AGGRESSIVE;
				CLANG_CXX_LANGUAGE_STANDARD = "gnu++14";
				CLANG_CXX_LIBRARY = "libc++";
				CLANG_ENABLE_MODULES = YES;
				CLANG_ENABLE_OBJC_ARC = YES;
				CLANG_ENABLE_OBJC_WEAK = YES;
				CLANG_WARN_BLOCK_CAPTURE_AUTORELEASING = YES;
				CLANG_WARN_BOOL_CONVERSION = YES;
				CLANG_WARN_COMMA = YES;
				CLANG_WARN_CONSTANT_CONVERSION = YES;
				CLANG_WARN_DEPRECATED_OBJC_IMPLEMENTATIONS = YES;
				CLANG_WARN_DIRECT_OBJC_ISA_USAGE = YES_ERROR;
				CLANG_WARN_DOCUMENTATION_COMMENTS = YES;
				CLANG_WARN_EMPTY_BODY = YES;
				CLANG_WARN_ENUM_CONVERSION = YES;
				CLANG_WARN_INFINITE_RECURSION = YES;
				CLANG_WARN_INT_CONVERSION = YES;
				CLANG_WARN_NON_LITERAL_NULL_CONVERSION = YES;
				CLANG_WARN_OBJC_IMPLICIT_RETAIN_SELF = YES;
				CLANG_WARN_OBJC_LITERAL_CONVERSION = YES;
				CLANG_WARN_OBJC_ROOT_CLASS = YES_ERROR;
				CLANG_WARN_QUOTED_INCLUDE_IN_FRAMEWORK_HEADER = YES;
				CLANG_WARN_RANGE_LOOP_ANALYSIS = YES;
				CLANG_WARN_STRICT_PROTOTYPES = YES;
				CLANG_WARN_SUSPICIOUS_MOVE = YES;
				CLANG_WARN_UNGUARDED_AVAILABILITY = YES_AGGRESSIVE;
				CLANG_WARN_UNREACHABLE_CODE = YES;
				CLANG_WARN__DUPLICATE_METHOD_MATCH = YES;
				COPY_PHASE_STRIP = NO;
				DEBUG_INFORMATION_FORMAT = dwarf;
				ENABLE_STRICT_OBJC_MSGSEND = YES;
				ENABLE_TESTABILITY = YES;
				GCC_C_LANGUAGE_STANDARD = gnu11;
				GCC_DYNAMIC_NO_PIC = NO;
				GCC_NO_COMMON_BLOCKS = YES;
				GCC_OPTIMIZATION_LEVEL = 0;
				GCC_PREPROCESSOR_DEFINITIONS = (
					"DEBUG=1",
					"$(inherited)",
				);
				GCC_WARN_64_TO_32_BIT_CONVERSION = YES;
				GCC_WARN_ABOUT_RETURN_TYPE = YES_ERROR;
				GCC_WARN_UNDECLARED_SELECTOR = YES;
				GCC_WARN_UNINITIALIZED_AUTOS = YES_AGGRESSIVE;
				GCC_WARN_UNUSED_FUNCTION = YES;
				GCC_WARN_UNUSED_VARIABLE = YES;
				IPHONEOS_DEPLOYMENT_TARGET = 14.3;
				MTL_ENABLE_DEBUG_INFO = INCLUDE_SOURCE;
				MTL_FAST_MATH = YES;
				ONLY_ACTIVE_ARCH = YES;
				SDKROOT = iphoneos;
				SWIFT_ACTIVE_COMPILATION_CONDITIONS = DEBUG;
				SWIFT_OPTIMIZATION_LEVEL = "-Onone";
			};
			name = Debug;
		};
		2754FFB22633337A00885193 /* Release */ = {
			isa = XCBuildConfiguration;
			buildSettings = {
				ALWAYS_SEARCH_USER_PATHS = NO;
				CLANG_ANALYZER_NONNULL = YES;
				CLANG_ANALYZER_NUMBER_OBJECT_CONVERSION = YES_AGGRESSIVE;
				CLANG_CXX_LANGUAGE_STANDARD = "gnu++14";
				CLANG_CXX_LIBRARY = "libc++";
				CLANG_ENABLE_MODULES = YES;
				CLANG_ENABLE_OBJC_ARC = YES;
				CLANG_ENABLE_OBJC_WEAK = YES;
				CLANG_WARN_BLOCK_CAPTURE_AUTORELEASING = YES;
				CLANG_WARN_BOOL_CONVERSION = YES;
				CLANG_WARN_COMMA = YES;
				CLANG_WARN_CONSTANT_CONVERSION = YES;
				CLANG_WARN_DEPRECATED_OBJC_IMPLEMENTATIONS = YES;
				CLANG_WARN_DIRECT_OBJC_ISA_USAGE = YES_ERROR;
				CLANG_WARN_DOCUMENTATION_COMMENTS = YES;
				CLANG_WARN_EMPTY_BODY = YES;
				CLANG_WARN_ENUM_CONVERSION = YES;
				CLANG_WARN_INFINITE_RECURSION = YES;
				CLANG_WARN_INT_CONVERSION = YES;
				CLANG_WARN_NON_LITERAL_NULL_CONVERSION = YES;
				CLANG_WARN_OBJC_IMPLICIT_RETAIN_SELF = YES;
				CLANG_WARN_OBJC_LITERAL_CONVERSION = YES;
				CLANG_WARN_OBJC_ROOT_CLASS = YES_ERROR;
				CLANG_WARN_QUOTED_INCLUDE_IN_FRAMEWORK_HEADER = YES;
				CLANG_WARN_RANGE_LOOP_ANALYSIS = YES;
				CLANG_WARN_STRICT_PROTOTYPES = YES;
				CLANG_WARN_SUSPICIOUS_MOVE = YES;
				CLANG_WARN_UNGUARDED_AVAILABILITY = YES_AGGRESSIVE;
				CLANG_WARN_UNREACHABLE_CODE = YES;
				CLANG_WARN__DUPLICATE_METHOD_MATCH = YES;
				COPY_PHASE_STRIP = NO;
				DEBUG_INFORMATION_FORMAT = "dwarf-with-dsym";
				ENABLE_NS_ASSERTIONS = NO;
				ENABLE_STRICT_OBJC_MSGSEND = YES;
				GCC_C_LANGUAGE_STANDARD = gnu11;
				GCC_NO_COMMON_BLOCKS = YES;
				GCC_WARN_64_TO_32_BIT_CONVERSION = YES;
				GCC_WARN_ABOUT_RETURN_TYPE = YES_ERROR;
				GCC_WARN_UNDECLARED_SELECTOR = YES;
				GCC_WARN_UNINITIALIZED_AUTOS = YES_AGGRESSIVE;
				GCC_WARN_UNUSED_FUNCTION = YES;
				GCC_WARN_UNUSED_VARIABLE = YES;
				IPHONEOS_DEPLOYMENT_TARGET = 14.3;
				MTL_ENABLE_DEBUG_INFO = NO;
				MTL_FAST_MATH = YES;
				SDKROOT = iphoneos;
				SWIFT_COMPILATION_MODE = wholemodule;
				SWIFT_OPTIMIZATION_LEVEL = "-O";
				VALIDATE_PRODUCT = YES;
			};
			name = Release;
		};
		2754FFB42633337A00885193 /* Debug */ = {
			isa = XCBuildConfiguration;
			buildSettings = {
				ALWAYS_EMBED_SWIFT_STANDARD_LIBRARIES = YES;
				ASSETCATALOG_COMPILER_APPICON_NAME = AppIcon;
				ASSETCATALOG_COMPILER_GLOBAL_ACCENT_COLOR_NAME = AccentColor;
				CODE_SIGN_STYLE = Automatic;
				CURRENT_PROJECT_VERSION = 1;
				DEVELOPMENT_ASSET_PATHS = "\"Daylight/Preview Content\"";
				DEVELOPMENT_TEAM = ST356LZYW4;
				ENABLE_PREVIEWS = YES;
				INFOPLIST_FILE = Daylight/Info.plist;
				IPHONEOS_DEPLOYMENT_TARGET = 14.0;
				LD_RUNPATH_SEARCH_PATHS = (
					"$(inherited)",
					"@executable_path/Frameworks",
				);
				MARKETING_VERSION = 0.3.0;
				PRODUCT_BUNDLE_IDENTIFIER = com.benfarmer.Daylight;
				PRODUCT_NAME = "$(TARGET_NAME)";
				SWIFT_VERSION = 5.0;
				TARGETED_DEVICE_FAMILY = "1,2";
			};
			name = Debug;
		};
		2754FFB52633337A00885193 /* Release */ = {
			isa = XCBuildConfiguration;
			buildSettings = {
				ALWAYS_EMBED_SWIFT_STANDARD_LIBRARIES = YES;
				ASSETCATALOG_COMPILER_APPICON_NAME = AppIcon;
				ASSETCATALOG_COMPILER_GLOBAL_ACCENT_COLOR_NAME = AccentColor;
				CODE_SIGN_STYLE = Automatic;
				CURRENT_PROJECT_VERSION = 1;
				DEVELOPMENT_ASSET_PATHS = "\"Daylight/Preview Content\"";
				DEVELOPMENT_TEAM = ST356LZYW4;
				ENABLE_PREVIEWS = YES;
				INFOPLIST_FILE = Daylight/Info.plist;
				IPHONEOS_DEPLOYMENT_TARGET = 14.0;
				LD_RUNPATH_SEARCH_PATHS = (
					"$(inherited)",
					"@executable_path/Frameworks",
				);
				MARKETING_VERSION = 0.3.0;
				PRODUCT_BUNDLE_IDENTIFIER = com.benfarmer.Daylight;
				PRODUCT_NAME = "$(TARGET_NAME)";
				SWIFT_VERSION = 5.0;
				TARGETED_DEVICE_FAMILY = "1,2";
			};
			name = Release;
		};
		2799D0CD26445CC5004B97C1 /* Debug */ = {
			isa = XCBuildConfiguration;
			buildSettings = {
				BUNDLE_LOADER = "$(TEST_HOST)";
				CODE_SIGN_STYLE = Automatic;
				DEVELOPMENT_TEAM = ST356LZYW4;
				INFOPLIST_FILE = DaylightTests/Info.plist;
				LD_RUNPATH_SEARCH_PATHS = (
					"$(inherited)",
					"@executable_path/Frameworks",
					"@loader_path/Frameworks",
				);
				PRODUCT_BUNDLE_IDENTIFIER = com.benfarmer.DaylightTests;
				PRODUCT_NAME = "$(TARGET_NAME)";
				SWIFT_VERSION = 5.0;
				TARGETED_DEVICE_FAMILY = "1,2";
				TEST_HOST = "$(BUILT_PRODUCTS_DIR)/Daylight.app/Daylight";
			};
			name = Debug;
		};
		2799D0CE26445CC5004B97C1 /* Release */ = {
			isa = XCBuildConfiguration;
			buildSettings = {
				BUNDLE_LOADER = "$(TEST_HOST)";
				CODE_SIGN_STYLE = Automatic;
				DEVELOPMENT_TEAM = ST356LZYW4;
				INFOPLIST_FILE = DaylightTests/Info.plist;
				LD_RUNPATH_SEARCH_PATHS = (
					"$(inherited)",
					"@executable_path/Frameworks",
					"@loader_path/Frameworks",
				);
				PRODUCT_BUNDLE_IDENTIFIER = com.benfarmer.DaylightTests;
				PRODUCT_NAME = "$(TARGET_NAME)";
				SWIFT_VERSION = 5.0;
				TARGETED_DEVICE_FAMILY = "1,2";
				TEST_HOST = "$(BUILT_PRODUCTS_DIR)/Daylight.app/Daylight";
			};
			name = Release;
		};
		27CF4E9B26405C5B00BA71BE /* Debug */ = {
			isa = XCBuildConfiguration;
			buildSettings = {
				ASSETCATALOG_COMPILER_GLOBAL_ACCENT_COLOR_NAME = AccentColor;
				ASSETCATALOG_COMPILER_WIDGET_BACKGROUND_COLOR_NAME = WidgetBackground;
				CODE_SIGN_STYLE = Automatic;
				CURRENT_PROJECT_VERSION = 1;
				DEVELOPMENT_TEAM = ST356LZYW4;
				INFOPLIST_FILE = DaylightWidget/Info.plist;
				LD_RUNPATH_SEARCH_PATHS = (
					"$(inherited)",
					"@executable_path/Frameworks",
					"@executable_path/../../Frameworks",
				);
				MARKETING_VERSION = 0.3.0;
				PRODUCT_BUNDLE_IDENTIFIER = com.benfarmer.Daylight.DaylightWidget;
				PRODUCT_NAME = "$(TARGET_NAME)";
				SKIP_INSTALL = YES;
				SWIFT_VERSION = 5.0;
				TARGETED_DEVICE_FAMILY = "1,2";
			};
			name = Debug;
		};
		27CF4E9C26405C5B00BA71BE /* Release */ = {
			isa = XCBuildConfiguration;
			buildSettings = {
				ASSETCATALOG_COMPILER_GLOBAL_ACCENT_COLOR_NAME = AccentColor;
				ASSETCATALOG_COMPILER_WIDGET_BACKGROUND_COLOR_NAME = WidgetBackground;
				CODE_SIGN_STYLE = Automatic;
				CURRENT_PROJECT_VERSION = 1;
				DEVELOPMENT_TEAM = ST356LZYW4;
				INFOPLIST_FILE = DaylightWidget/Info.plist;
				LD_RUNPATH_SEARCH_PATHS = (
					"$(inherited)",
					"@executable_path/Frameworks",
					"@executable_path/../../Frameworks",
				);
				MARKETING_VERSION = 0.3.0;
				PRODUCT_BUNDLE_IDENTIFIER = com.benfarmer.Daylight.DaylightWidget;
				PRODUCT_NAME = "$(TARGET_NAME)";
				SKIP_INSTALL = YES;
				SWIFT_VERSION = 5.0;
				TARGETED_DEVICE_FAMILY = "1,2";
			};
			name = Release;
		};
/* End XCBuildConfiguration section */

/* Begin XCConfigurationList section */
		2754FF892633337900885193 /* Build configuration list for PBXProject "Daylight" */ = {
			isa = XCConfigurationList;
			buildConfigurations = (
				2754FFB12633337A00885193 /* Debug */,
				2754FFB22633337A00885193 /* Release */,
			);
			defaultConfigurationIsVisible = 0;
			defaultConfigurationName = Release;
		};
		2754FFB32633337A00885193 /* Build configuration list for PBXNativeTarget "Daylight" */ = {
			isa = XCConfigurationList;
			buildConfigurations = (
				2754FFB42633337A00885193 /* Debug */,
				2754FFB52633337A00885193 /* Release */,
			);
			defaultConfigurationIsVisible = 0;
			defaultConfigurationName = Release;
		};
		2799D0CC26445CC5004B97C1 /* Build configuration list for PBXNativeTarget "DaylightTests" */ = {
			isa = XCConfigurationList;
			buildConfigurations = (
				2799D0CD26445CC5004B97C1 /* Debug */,
				2799D0CE26445CC5004B97C1 /* Release */,
			);
			defaultConfigurationIsVisible = 0;
			defaultConfigurationName = Release;
		};
		27CF4E9D26405C5B00BA71BE /* Build configuration list for PBXNativeTarget "DaylightWidgetExtension" */ = {
			isa = XCConfigurationList;
			buildConfigurations = (
				27CF4E9B26405C5B00BA71BE /* Debug */,
				27CF4E9C26405C5B00BA71BE /* Release */,
			);
			defaultConfigurationIsVisible = 0;
			defaultConfigurationName = Release;
		};
/* End XCConfigurationList section */
	};
	rootObject = 2754FF862633337900885193 /* Project object */;
}
