// !$*UTF8*$!
{
	archiveVersion = 1;
	classes = {
	};
	objectVersion = 52;
	objects = {

/* Begin PBXBuildFile section */
		272C208E263411FB00C929B8 /* Nighttime.swift in Sources */ = {isa = PBXBuildFile; fileRef = 272C208D263411FB00C929B8 /* Nighttime.swift */; };
		272C20932634151800C929B8 /* NighttimeVM.swift in Sources */ = {isa = PBXBuildFile; fileRef = 272C20922634151800C929B8 /* NighttimeVM.swift */; };
		27540001263347F200885193 /* Daylight.swift in Sources */ = {isa = PBXBuildFile; fileRef = 27540000263347F200885193 /* Daylight.swift */; };
		27540010263357A600885193 /* HomeVM.swift in Sources */ = {isa = PBXBuildFile; fileRef = 2754000F263357A600885193 /* HomeVM.swift */; };
		2754003426339E3700885193 /* LocationManager.swift in Sources */ = {isa = PBXBuildFile; fileRef = 2754003326339E3700885193 /* LocationManager.swift */; };
		2754FF922633337900885193 /* DaylightApp.swift in Sources */ = {isa = PBXBuildFile; fileRef = 2754FF912633337900885193 /* DaylightApp.swift */; };
		2754FF962633337A00885193 /* Assets.xcassets in Resources */ = {isa = PBXBuildFile; fileRef = 2754FF952633337A00885193 /* Assets.xcassets */; };
		2754FF992633337A00885193 /* Preview Assets.xcassets in Resources */ = {isa = PBXBuildFile; fileRef = 2754FF982633337A00885193 /* Preview Assets.xcassets */; };
		2754FFC22633344D00885193 /* Home.swift in Sources */ = {isa = PBXBuildFile; fileRef = 2754FFC12633344D00885193 /* Home.swift */; };
		2754FFCF26333C5800885193 /* TimeData.swift in Sources */ = {isa = PBXBuildFile; fileRef = 2754FFCE26333C5800885193 /* TimeData.swift */; };
		2754FFD826333D5600885193 /* Solar in Frameworks */ = {isa = PBXBuildFile; productRef = 2754FFD726333D5600885193 /* Solar */; };
		2754FFDD26333DD900885193 /* LocationData.swift in Sources */ = {isa = PBXBuildFile; fileRef = 2754FFDC26333DD900885193 /* LocationData.swift */; };
		2754FFF32633441100885193 /* DaylightVM.swift in Sources */ = {isa = PBXBuildFile; fileRef = 2754FFF22633441100885193 /* DaylightVM.swift */; };
		277C79C6263E8F4500334D7F /* Shapes.swift in Sources */ = {isa = PBXBuildFile; fileRef = 277C79C5263E8F4500334D7F /* Shapes.swift */; };
/* End PBXBuildFile section */

/* Begin PBXContainerItemProxy section */
		2754FFA02633337A00885193 /* PBXContainerItemProxy */ = {
			isa = PBXContainerItemProxy;
			containerPortal = 2754FF862633337900885193 /* Project object */;
			proxyType = 1;
			remoteGlobalIDString = 2754FF8D2633337900885193;
			remoteInfo = Daylight;
		};
		2754FFAB2633337A00885193 /* PBXContainerItemProxy */ = {
			isa = PBXContainerItemProxy;
			containerPortal = 2754FF862633337900885193 /* Project object */;
			proxyType = 1;
			remoteGlobalIDString = 2754FF8D2633337900885193;
			remoteInfo = Daylight;
		};
/* End PBXContainerItemProxy section */

/* Begin PBXFileReference section */
		272C208D263411FB00C929B8 /* Nighttime.swift */ = {isa = PBXFileReference; lastKnownFileType = sourcecode.swift; path = Nighttime.swift; sourceTree = "<group>"; };
		272C20922634151800C929B8 /* NighttimeVM.swift */ = {isa = PBXFileReference; lastKnownFileType = sourcecode.swift; path = NighttimeVM.swift; sourceTree = "<group>"; };
		27540000263347F200885193 /* Daylight.swift */ = {isa = PBXFileReference; lastKnownFileType = sourcecode.swift; path = Daylight.swift; sourceTree = "<group>"; };
		2754000F263357A600885193 /* HomeVM.swift */ = {isa = PBXFileReference; lastKnownFileType = sourcecode.swift; path = HomeVM.swift; sourceTree = "<group>"; };
		2754003326339E3700885193 /* LocationManager.swift */ = {isa = PBXFileReference; lastKnownFileType = sourcecode.swift; path = LocationManager.swift; sourceTree = "<group>"; };
		2754FF8E2633337900885193 /* Daylight.app */ = {isa = PBXFileReference; explicitFileType = wrapper.application; includeInIndex = 0; path = Daylight.app; sourceTree = BUILT_PRODUCTS_DIR; };
		2754FF912633337900885193 /* DaylightApp.swift */ = {isa = PBXFileReference; lastKnownFileType = sourcecode.swift; path = DaylightApp.swift; sourceTree = "<group>"; };
		2754FF952633337A00885193 /* Assets.xcassets */ = {isa = PBXFileReference; lastKnownFileType = folder.assetcatalog; path = Assets.xcassets; sourceTree = "<group>"; };
		2754FF982633337A00885193 /* Preview Assets.xcassets */ = {isa = PBXFileReference; lastKnownFileType = folder.assetcatalog; path = "Preview Assets.xcassets"; sourceTree = "<group>"; };
		2754FF9A2633337A00885193 /* Info.plist */ = {isa = PBXFileReference; lastKnownFileType = text.plist.xml; path = Info.plist; sourceTree = "<group>"; };
		2754FF9F2633337A00885193 /* DaylightTests.xctest */ = {isa = PBXFileReference; explicitFileType = wrapper.cfbundle; includeInIndex = 0; path = DaylightTests.xctest; sourceTree = BUILT_PRODUCTS_DIR; };
		2754FFAA2633337A00885193 /* DaylightUITests.xctest */ = {isa = PBXFileReference; explicitFileType = wrapper.cfbundle; includeInIndex = 0; path = DaylightUITests.xctest; sourceTree = BUILT_PRODUCTS_DIR; };
		2754FFC12633344D00885193 /* Home.swift */ = {isa = PBXFileReference; lastKnownFileType = sourcecode.swift; path = Home.swift; sourceTree = "<group>"; };
		2754FFCE26333C5800885193 /* TimeData.swift */ = {isa = PBXFileReference; lastKnownFileType = sourcecode.swift; path = TimeData.swift; sourceTree = "<group>"; };
		2754FFDC26333DD900885193 /* LocationData.swift */ = {isa = PBXFileReference; lastKnownFileType = sourcecode.swift; path = LocationData.swift; sourceTree = "<group>"; };
		2754FFF22633441100885193 /* DaylightVM.swift */ = {isa = PBXFileReference; lastKnownFileType = sourcecode.swift; path = DaylightVM.swift; sourceTree = "<group>"; };
		277C79C5263E8F4500334D7F /* Shapes.swift */ = {isa = PBXFileReference; lastKnownFileType = sourcecode.swift; path = Shapes.swift; sourceTree = "<group>"; };
/* End PBXFileReference section */

/* Begin PBXFrameworksBuildPhase section */
		2754FF8B2633337900885193 /* Frameworks */ = {
			isa = PBXFrameworksBuildPhase;
			buildActionMask = 2147483647;
			files = (
				2754FFD826333D5600885193 /* Solar in Frameworks */,
			);
			runOnlyForDeploymentPostprocessing = 0;
		};
		2754FF9C2633337A00885193 /* Frameworks */ = {
			isa = PBXFrameworksBuildPhase;
			buildActionMask = 2147483647;
			files = (
			);
			runOnlyForDeploymentPostprocessing = 0;
		};
		2754FFA72633337A00885193 /* Frameworks */ = {
			isa = PBXFrameworksBuildPhase;
			buildActionMask = 2147483647;
			files = (
			);
			runOnlyForDeploymentPostprocessing = 0;
		};
/* End PBXFrameworksBuildPhase section */

/* Begin PBXGroup section */
		2754003226339DF200885193 /* Services */ = {
			isa = PBXGroup;
			children = (
				2754003326339E3700885193 /* LocationManager.swift */,
			);
			path = Services;
			sourceTree = "<group>";
		};
		2754FF852633337900885193 = {
			isa = PBXGroup;
			children = (
				2754FF902633337900885193 /* Daylight */,
				2754FF8F2633337900885193 /* Products */,
			);
			sourceTree = "<group>";
		};
		2754FF8F2633337900885193 /* Products */ = {
			isa = PBXGroup;
			children = (
				2754FF8E2633337900885193 /* Daylight.app */,
				2754FF9F2633337A00885193 /* DaylightTests.xctest */,
				2754FFAA2633337A00885193 /* DaylightUITests.xctest */,
			);
			name = Products;
			sourceTree = "<group>";
		};
		2754FF902633337900885193 /* Daylight */ = {
			isa = PBXGroup;
			children = (
				2754FFCA26333B4300885193 /* Models */,
				2754FFBF2633342E00885193 /* Views */,
				2754FFC02633343500885193 /* ViewModels */,
				2754003226339DF200885193 /* Services */,
				2754FF912633337900885193 /* DaylightApp.swift */,
				2754FF952633337A00885193 /* Assets.xcassets */,
				2754FF9A2633337A00885193 /* Info.plist */,
				2754FF972633337A00885193 /* Preview Content */,
			);
			path = Daylight;
			sourceTree = "<group>";
		};
		2754FF972633337A00885193 /* Preview Content */ = {
			isa = PBXGroup;
			children = (
				2754FF982633337A00885193 /* Preview Assets.xcassets */,
			);
			path = "Preview Content";
			sourceTree = "<group>";
		};
		2754FFBF2633342E00885193 /* Views */ = {
			isa = PBXGroup;
			children = (
				2754FFC12633344D00885193 /* Home.swift */,
				27540000263347F200885193 /* Daylight.swift */,
				272C208D263411FB00C929B8 /* Nighttime.swift */,
				277C79C5263E8F4500334D7F /* Shapes.swift */,
			);
			path = Views;
			sourceTree = "<group>";
		};
		2754FFC02633343500885193 /* ViewModels */ = {
			isa = PBXGroup;
			children = (
				2754000F263357A600885193 /* HomeVM.swift */,
				2754FFF22633441100885193 /* DaylightVM.swift */,
				272C20922634151800C929B8 /* NighttimeVM.swift */,
			);
			path = ViewModels;
			sourceTree = "<group>";
		};
		2754FFCA26333B4300885193 /* Models */ = {
			isa = PBXGroup;
			children = (
				2754FFDC26333DD900885193 /* LocationData.swift */,
				2754FFCE26333C5800885193 /* TimeData.swift */,
			);
			path = Models;
			sourceTree = "<group>";
		};
/* End PBXGroup section */

/* Begin PBXNativeTarget section */
		2754FF8D2633337900885193 /* Daylight */ = {
			isa = PBXNativeTarget;
			buildConfigurationList = 2754FFB32633337A00885193 /* Build configuration list for PBXNativeTarget "Daylight" */;
			buildPhases = (
				2754FF8A2633337900885193 /* Sources */,
				2754FF8B2633337900885193 /* Frameworks */,
				2754FF8C2633337900885193 /* Resources */,
			);
			buildRules = (
			);
			dependencies = (
			);
			name = Daylight;
			packageProductDependencies = (
				2754FFD726333D5600885193 /* Solar */,
			);
			productName = Daylight;
			productReference = 2754FF8E2633337900885193 /* Daylight.app */;
			productType = "com.apple.product-type.application";
		};
		2754FF9E2633337A00885193 /* DaylightTests */ = {
			isa = PBXNativeTarget;
			buildConfigurationList = 2754FFB62633337A00885193 /* Build configuration list for PBXNativeTarget "DaylightTests" */;
			buildPhases = (
				2754FF9B2633337A00885193 /* Sources */,
				2754FF9C2633337A00885193 /* Frameworks */,
				2754FF9D2633337A00885193 /* Resources */,
			);
			buildRules = (
			);
			dependencies = (
				2754FFA12633337A00885193 /* PBXTargetDependency */,
			);
			name = DaylightTests;
			productName = DaylightTests;
			productReference = 2754FF9F2633337A00885193 /* DaylightTests.xctest */;
			productType = "com.apple.product-type.bundle.unit-test";
		};
		2754FFA92633337A00885193 /* DaylightUITests */ = {
			isa = PBXNativeTarget;
			buildConfigurationList = 2754FFB92633337A00885193 /* Build configuration list for PBXNativeTarget "DaylightUITests" */;
			buildPhases = (
				2754FFA62633337A00885193 /* Sources */,
				2754FFA72633337A00885193 /* Frameworks */,
				2754FFA82633337A00885193 /* Resources */,
			);
			buildRules = (
			);
			dependencies = (
				2754FFAC2633337A00885193 /* PBXTargetDependency */,
			);
			name = DaylightUITests;
			productName = DaylightUITests;
			productReference = 2754FFAA2633337A00885193 /* DaylightUITests.xctest */;
			productType = "com.apple.product-type.bundle.ui-testing";
		};
/* End PBXNativeTarget section */

/* Begin PBXProject section */
		2754FF862633337900885193 /* Project object */ = {
			isa = PBXProject;
			attributes = {
				LastSwiftUpdateCheck = 1230;
				LastUpgradeCheck = 1230;
				TargetAttributes = {
					2754FF8D2633337900885193 = {
						CreatedOnToolsVersion = 12.3;
					};
					2754FF9E2633337A00885193 = {
						CreatedOnToolsVersion = 12.3;
						TestTargetID = 2754FF8D2633337900885193;
					};
					2754FFA92633337A00885193 = {
						CreatedOnToolsVersion = 12.3;
						TestTargetID = 2754FF8D2633337900885193;
					};
				};
			};
			buildConfigurationList = 2754FF892633337900885193 /* Build configuration list for PBXProject "Daylight" */;
			compatibilityVersion = "Xcode 9.3";
			developmentRegion = en;
			hasScannedForEncodings = 0;
			knownRegions = (
				en,
				Base,
			);
			mainGroup = 2754FF852633337900885193;
			packageReferences = (
				2754FFD626333D5600885193 /* XCRemoteSwiftPackageReference "Solar" */,
			);
			productRefGroup = 2754FF8F2633337900885193 /* Products */;
			projectDirPath = "";
			projectRoot = "";
			targets = (
				2754FF8D2633337900885193 /* Daylight */,
				2754FF9E2633337A00885193 /* DaylightTests */,
				2754FFA92633337A00885193 /* DaylightUITests */,
			);
		};
/* End PBXProject section */

/* Begin PBXResourcesBuildPhase section */
		2754FF8C2633337900885193 /* Resources */ = {
			isa = PBXResourcesBuildPhase;
			buildActionMask = 2147483647;
			files = (
				2754FF992633337A00885193 /* Preview Assets.xcassets in Resources */,
				2754FF962633337A00885193 /* Assets.xcassets in Resources */,
			);
			runOnlyForDeploymentPostprocessing = 0;
		};
		2754FF9D2633337A00885193 /* Resources */ = {
			isa = PBXResourcesBuildPhase;
			buildActionMask = 2147483647;
			files = (
			);
			runOnlyForDeploymentPostprocessing = 0;
		};
		2754FFA82633337A00885193 /* Resources */ = {
			isa = PBXResourcesBuildPhase;
			buildActionMask = 2147483647;
			files = (
			);
			runOnlyForDeploymentPostprocessing = 0;
		};
/* End PBXResourcesBuildPhase section */

/* Begin PBXSourcesBuildPhase section */
		2754FF8A2633337900885193 /* Sources */ = {
			isa = PBXSourcesBuildPhase;
			buildActionMask = 2147483647;
			files = (
				272C20932634151800C929B8 /* NighttimeVM.swift in Sources */,
				2754FFF32633441100885193 /* DaylightVM.swift in Sources */,
				2754FFC22633344D00885193 /* Home.swift in Sources */,
				272C208E263411FB00C929B8 /* Nighttime.swift in Sources */,
				27540010263357A600885193 /* HomeVM.swift in Sources */,
				2754FFCF26333C5800885193 /* TimeData.swift in Sources */,
				2754003426339E3700885193 /* LocationManager.swift in Sources */,
				2754FFDD26333DD900885193 /* LocationData.swift in Sources */,
				277C79C6263E8F4500334D7F /* Shapes.swift in Sources */,
				27540001263347F200885193 /* Daylight.swift in Sources */,
				2754FF922633337900885193 /* DaylightApp.swift in Sources */,
			);
			runOnlyForDeploymentPostprocessing = 0;
		};
		2754FF9B2633337A00885193 /* Sources */ = {
			isa = PBXSourcesBuildPhase;
			buildActionMask = 2147483647;
			files = (
			);
			runOnlyForDeploymentPostprocessing = 0;
		};
		2754FFA62633337A00885193 /* Sources */ = {
			isa = PBXSourcesBuildPhase;
			buildActionMask = 2147483647;
			files = (
			);
			runOnlyForDeploymentPostprocessing = 0;
		};
/* End PBXSourcesBuildPhase section */

/* Begin PBXTargetDependency section */
		2754FFA12633337A00885193 /* PBXTargetDependency */ = {
			isa = PBXTargetDependency;
			target = 2754FF8D2633337900885193 /* Daylight */;
			targetProxy = 2754FFA02633337A00885193 /* PBXContainerItemProxy */;
		};
		2754FFAC2633337A00885193 /* PBXTargetDependency */ = {
			isa = PBXTargetDependency;
			target = 2754FF8D2633337900885193 /* Daylight */;
			targetProxy = 2754FFAB2633337A00885193 /* PBXContainerItemProxy */;
		};
/* End PBXTargetDependency section */

/* Begin XCBuildConfiguration section */
		2754FFB12633337A00885193 /* Debug */ = {
			isa = XCBuildConfiguration;
			buildSettings = {
				ALWAYS_SEARCH_USER_PATHS = NO;
				CLANG_ANALYZER_NONNULL = YES;
				CLANG_ANALYZER_NUMBER_OBJECT_CONVERSION = YES_AGGRESSIVE;
				CLANG_CXX_LANGUAGE_STANDARD = "gnu++14";
				CLANG_CXX_LIBRARY = "libc++";
				CLANG_ENABLE_MODULES = YES;
				CLANG_ENABLE_OBJC_ARC = YES;
				CLANG_ENABLE_OBJC_WEAK = YES;
				CLANG_WARN_BLOCK_CAPTURE_AUTORELEASING = YES;
				CLANG_WARN_BOOL_CONVERSION = YES;
				CLANG_WARN_COMMA = YES;
				CLANG_WARN_CONSTANT_CONVERSION = YES;
				CLANG_WARN_DEPRECATED_OBJC_IMPLEMENTATIONS = YES;
				CLANG_WARN_DIRECT_OBJC_ISA_USAGE = YES_ERROR;
				CLANG_WARN_DOCUMENTATION_COMMENTS = YES;
				CLANG_WARN_EMPTY_BODY = YES;
				CLANG_WARN_ENUM_CONVERSION = YES;
				CLANG_WARN_INFINITE_RECURSION = YES;
				CLANG_WARN_INT_CONVERSION = YES;
				CLANG_WARN_NON_LITERAL_NULL_CONVERSION = YES;
				CLANG_WARN_OBJC_IMPLICIT_RETAIN_SELF = YES;
				CLANG_WARN_OBJC_LITERAL_CONVERSION = YES;
				CLANG_WARN_OBJC_ROOT_CLASS = YES_ERROR;
				CLANG_WARN_QUOTED_INCLUDE_IN_FRAMEWORK_HEADER = YES;
				CLANG_WARN_RANGE_LOOP_ANALYSIS = YES;
				CLANG_WARN_STRICT_PROTOTYPES = YES;
				CLANG_WARN_SUSPICIOUS_MOVE = YES;
				CLANG_WARN_UNGUARDED_AVAILABILITY = YES_AGGRESSIVE;
				CLANG_WARN_UNREACHABLE_CODE = YES;
				CLANG_WARN__DUPLICATE_METHOD_MATCH = YES;
				COPY_PHASE_STRIP = NO;
				DEBUG_INFORMATION_FORMAT = dwarf;
				ENABLE_STRICT_OBJC_MSGSEND = YES;
				ENABLE_TESTABILITY = YES;
				GCC_C_LANGUAGE_STANDARD = gnu11;
				GCC_DYNAMIC_NO_PIC = NO;
				GCC_NO_COMMON_BLOCKS = YES;
				GCC_OPTIMIZATION_LEVEL = 0;
				GCC_PREPROCESSOR_DEFINITIONS = (
					"DEBUG=1",
					"$(inherited)",
				);
				GCC_WARN_64_TO_32_BIT_CONVERSION = YES;
				GCC_WARN_ABOUT_RETURN_TYPE = YES_ERROR;
				GCC_WARN_UNDECLARED_SELECTOR = YES;
				GCC_WARN_UNINITIALIZED_AUTOS = YES_AGGRESSIVE;
				GCC_WARN_UNUSED_FUNCTION = YES;
				GCC_WARN_UNUSED_VARIABLE = YES;
				IPHONEOS_DEPLOYMENT_TARGET = 14.3;
				MTL_ENABLE_DEBUG_INFO = INCLUDE_SOURCE;
				MTL_FAST_MATH = YES;
				ONLY_ACTIVE_ARCH = YES;
				SDKROOT = iphoneos;
				SWIFT_ACTIVE_COMPILATION_CONDITIONS = DEBUG;
				SWIFT_OPTIMIZATION_LEVEL = "-Onone";
			};
			name = Debug;
		};
		2754FFB22633337A00885193 /* Release */ = {
			isa = XCBuildConfiguration;
			buildSettings = {
				ALWAYS_SEARCH_USER_PATHS = NO;
				CLANG_ANALYZER_NONNULL = YES;
				CLANG_ANALYZER_NUMBER_OBJECT_CONVERSION = YES_AGGRESSIVE;
				CLANG_CXX_LANGUAGE_STANDARD = "gnu++14";
				CLANG_CXX_LIBRARY = "libc++";
				CLANG_ENABLE_MODULES = YES;
				CLANG_ENABLE_OBJC_ARC = YES;
				CLANG_ENABLE_OBJC_WEAK = YES;
				CLANG_WARN_BLOCK_CAPTURE_AUTORELEASING = YES;
				CLANG_WARN_BOOL_CONVERSION = YES;
				CLANG_WARN_COMMA = YES;
				CLANG_WARN_CONSTANT_CONVERSION = YES;
				CLANG_WARN_DEPRECATED_OBJC_IMPLEMENTATIONS = YES;
				CLANG_WARN_DIRECT_OBJC_ISA_USAGE = YES_ERROR;
				CLANG_WARN_DOCUMENTATION_COMMENTS = YES;
				CLANG_WARN_EMPTY_BODY = YES;
				CLANG_WARN_ENUM_CONVERSION = YES;
				CLANG_WARN_INFINITE_RECURSION = YES;
				CLANG_WARN_INT_CONVERSION = YES;
				CLANG_WARN_NON_LITERAL_NULL_CONVERSION = YES;
				CLANG_WARN_OBJC_IMPLICIT_RETAIN_SELF = YES;
				CLANG_WARN_OBJC_LITERAL_CONVERSION = YES;
				CLANG_WARN_OBJC_ROOT_CLASS = YES_ERROR;
				CLANG_WARN_QUOTED_INCLUDE_IN_FRAMEWORK_HEADER = YES;
				CLANG_WARN_RANGE_LOOP_ANALYSIS = YES;
				CLANG_WARN_STRICT_PROTOTYPES = YES;
				CLANG_WARN_SUSPICIOUS_MOVE = YES;
				CLANG_WARN_UNGUARDED_AVAILABILITY = YES_AGGRESSIVE;
				CLANG_WARN_UNREACHABLE_CODE = YES;
				CLANG_WARN__DUPLICATE_METHOD_MATCH = YES;
				COPY_PHASE_STRIP = NO;
				DEBUG_INFORMATION_FORMAT = "dwarf-with-dsym";
				ENABLE_NS_ASSERTIONS = NO;
				ENABLE_STRICT_OBJC_MSGSEND = YES;
				GCC_C_LANGUAGE_STANDARD = gnu11;
				GCC_NO_COMMON_BLOCKS = YES;
				GCC_WARN_64_TO_32_BIT_CONVERSION = YES;
				GCC_WARN_ABOUT_RETURN_TYPE = YES_ERROR;
				GCC_WARN_UNDECLARED_SELECTOR = YES;
				GCC_WARN_UNINITIALIZED_AUTOS = YES_AGGRESSIVE;
				GCC_WARN_UNUSED_FUNCTION = YES;
				GCC_WARN_UNUSED_VARIABLE = YES;
				IPHONEOS_DEPLOYMENT_TARGET = 14.3;
				MTL_ENABLE_DEBUG_INFO = NO;
				MTL_FAST_MATH = YES;
				SDKROOT = iphoneos;
				SWIFT_COMPILATION_MODE = wholemodule;
				SWIFT_OPTIMIZATION_LEVEL = "-O";
				VALIDATE_PRODUCT = YES;
			};
			name = Release;
		};
		2754FFB42633337A00885193 /* Debug */ = {
			isa = XCBuildConfiguration;
			buildSettings = {
				ASSETCATALOG_COMPILER_APPICON_NAME = AppIcon;
				ASSETCATALOG_COMPILER_GLOBAL_ACCENT_COLOR_NAME = AccentColor;
				CODE_SIGN_STYLE = Automatic;
				DEVELOPMENT_ASSET_PATHS = "\"Daylight/Preview Content\"";
				DEVELOPMENT_TEAM = ST356LZYW4;
				ENABLE_PREVIEWS = YES;
				INFOPLIST_FILE = Daylight/Info.plist;
				IPHONEOS_DEPLOYMENT_TARGET = 14.0;
				LD_RUNPATH_SEARCH_PATHS = (
					"$(inherited)",
					"@executable_path/Frameworks",
				);
				PRODUCT_BUNDLE_IDENTIFIER = com.benfarmer.Daylight;
				PRODUCT_NAME = "$(TARGET_NAME)";
				SWIFT_VERSION = 5.0;
				TARGETED_DEVICE_FAMILY = "1,2";
			};
			name = Debug;
		};
		2754FFB52633337A00885193 /* Release */ = {
			isa = XCBuildConfiguration;
			buildSettings = {
				ASSETCATALOG_COMPILER_APPICON_NAME = AppIcon;
				ASSETCATALOG_COMPILER_GLOBAL_ACCENT_COLOR_NAME = AccentColor;
				CODE_SIGN_STYLE = Automatic;
				DEVELOPMENT_ASSET_PATHS = "\"Daylight/Preview Content\"";
				DEVELOPMENT_TEAM = ST356LZYW4;
				ENABLE_PREVIEWS = YES;
				INFOPLIST_FILE = Daylight/Info.plist;
				IPHONEOS_DEPLOYMENT_TARGET = 14.0;
				LD_RUNPATH_SEARCH_PATHS = (
					"$(inherited)",
					"@executable_path/Frameworks",
				);
				PRODUCT_BUNDLE_IDENTIFIER = com.benfarmer.Daylight;
				PRODUCT_NAME = "$(TARGET_NAME)";
				SWIFT_VERSION = 5.0;
				TARGETED_DEVICE_FAMILY = "1,2";
			};
			name = Release;
		};
		2754FFB72633337A00885193 /* Debug */ = {
			isa = XCBuildConfiguration;
			buildSettings = {
				ALWAYS_EMBED_SWIFT_STANDARD_LIBRARIES = YES;
				BUNDLE_LOADER = "$(TEST_HOST)";
				CODE_SIGN_STYLE = Automatic;
				DEVELOPMENT_TEAM = ST356LZYW4;
				INFOPLIST_FILE = DaylightTests/Info.plist;
				IPHONEOS_DEPLOYMENT_TARGET = 14.0;
				LD_RUNPATH_SEARCH_PATHS = (
					"$(inherited)",
					"@executable_path/Frameworks",
					"@loader_path/Frameworks",
				);
				PRODUCT_BUNDLE_IDENTIFIER = com.benfarmer.DaylightTests;
				PRODUCT_NAME = "$(TARGET_NAME)";
				SWIFT_VERSION = 5.0;
				TARGETED_DEVICE_FAMILY = "1,2";
				TEST_HOST = "$(BUILT_PRODUCTS_DIR)/Daylight.app/Daylight";
			};
			name = Debug;
		};
		2754FFB82633337A00885193 /* Release */ = {
			isa = XCBuildConfiguration;
			buildSettings = {
				ALWAYS_EMBED_SWIFT_STANDARD_LIBRARIES = YES;
				BUNDLE_LOADER = "$(TEST_HOST)";
				CODE_SIGN_STYLE = Automatic;
				DEVELOPMENT_TEAM = ST356LZYW4;
				INFOPLIST_FILE = DaylightTests/Info.plist;
				IPHONEOS_DEPLOYMENT_TARGET = 14.0;
				LD_RUNPATH_SEARCH_PATHS = (
					"$(inherited)",
					"@executable_path/Frameworks",
					"@loader_path/Frameworks",
				);
				PRODUCT_BUNDLE_IDENTIFIER = com.benfarmer.DaylightTests;
				PRODUCT_NAME = "$(TARGET_NAME)";
				SWIFT_VERSION = 5.0;
				TARGETED_DEVICE_FAMILY = "1,2";
				TEST_HOST = "$(BUILT_PRODUCTS_DIR)/Daylight.app/Daylight";
			};
			name = Release;
		};
		2754FFBA2633337A00885193 /* Debug */ = {
			isa = XCBuildConfiguration;
			buildSettings = {
				ALWAYS_EMBED_SWIFT_STANDARD_LIBRARIES = YES;
				CODE_SIGN_STYLE = Automatic;
				DEVELOPMENT_TEAM = ST356LZYW4;
				INFOPLIST_FILE = DaylightUITests/Info.plist;
				LD_RUNPATH_SEARCH_PATHS = (
					"$(inherited)",
					"@executable_path/Frameworks",
					"@loader_path/Frameworks",
				);
				PRODUCT_BUNDLE_IDENTIFIER = com.benfarmer.DaylightUITests;
				PRODUCT_NAME = "$(TARGET_NAME)";
				SWIFT_VERSION = 5.0;
				TARGETED_DEVICE_FAMILY = "1,2";
				TEST_TARGET_NAME = Daylight;
			};
			name = Debug;
		};
		2754FFBB2633337A00885193 /* Release */ = {
			isa = XCBuildConfiguration;
			buildSettings = {
				ALWAYS_EMBED_SWIFT_STANDARD_LIBRARIES = YES;
				CODE_SIGN_STYLE = Automatic;
				DEVELOPMENT_TEAM = ST356LZYW4;
				INFOPLIST_FILE = DaylightUITests/Info.plist;
				LD_RUNPATH_SEARCH_PATHS = (
					"$(inherited)",
					"@executable_path/Frameworks",
					"@loader_path/Frameworks",
				);
				PRODUCT_BUNDLE_IDENTIFIER = com.benfarmer.DaylightUITests;
				PRODUCT_NAME = "$(TARGET_NAME)";
				SWIFT_VERSION = 5.0;
				TARGETED_DEVICE_FAMILY = "1,2";
				TEST_TARGET_NAME = Daylight;
			};
			name = Release;
		};
/* End XCBuildConfiguration section */

/* Begin XCConfigurationList section */
		2754FF892633337900885193 /* Build configuration list for PBXProject "Daylight" */ = {
			isa = XCConfigurationList;
			buildConfigurations = (
				2754FFB12633337A00885193 /* Debug */,
				2754FFB22633337A00885193 /* Release */,
			);
			defaultConfigurationIsVisible = 0;
			defaultConfigurationName = Release;
		};
		2754FFB32633337A00885193 /* Build configuration list for PBXNativeTarget "Daylight" */ = {
			isa = XCConfigurationList;
			buildConfigurations = (
				2754FFB42633337A00885193 /* Debug */,
				2754FFB52633337A00885193 /* Release */,
			);
			defaultConfigurationIsVisible = 0;
			defaultConfigurationName = Release;
		};
		2754FFB62633337A00885193 /* Build configuration list for PBXNativeTarget "DaylightTests" */ = {
			isa = XCConfigurationList;
			buildConfigurations = (
				2754FFB72633337A00885193 /* Debug */,
				2754FFB82633337A00885193 /* Release */,
			);
			defaultConfigurationIsVisible = 0;
			defaultConfigurationName = Release;
		};
		2754FFB92633337A00885193 /* Build configuration list for PBXNativeTarget "DaylightUITests" */ = {
			isa = XCConfigurationList;
			buildConfigurations = (
				2754FFBA2633337A00885193 /* Debug */,
				2754FFBB2633337A00885193 /* Release */,
			);
			defaultConfigurationIsVisible = 0;
			defaultConfigurationName = Release;
		};
/* End XCConfigurationList section */

/* Begin XCRemoteSwiftPackageReference section */
		2754FFD626333D5600885193 /* XCRemoteSwiftPackageReference "Solar" */ = {
			isa = XCRemoteSwiftPackageReference;
			repositoryURL = "https://github.com/ceeK/Solar.git";
			requirement = {
				kind = upToNextMajorVersion;
				minimumVersion = 2.2.0;
			};
		};
/* End XCRemoteSwiftPackageReference section */

/* Begin XCSwiftPackageProductDependency section */
		2754FFD726333D5600885193 /* Solar */ = {
			isa = XCSwiftPackageProductDependency;
			package = 2754FFD626333D5600885193 /* XCRemoteSwiftPackageReference "Solar" */;
			productName = Solar;
		};
/* End XCSwiftPackageProductDependency section */
	};
	rootObject = 2754FF862633337900885193 /* Project object */;
}
